# This file is automatically @generated by Poetry 1.8.5 and should not be changed by hand.

[[package]]
name = "black"
version = "24.3.0"
description = "The uncompromising code formatter."
optional = false
python-versions = ">=3.8"
files = [
    {file = "black-24.3.0-cp310-cp310-macosx_10_9_x86_64.whl", hash = "sha256:7d5e026f8da0322b5662fa7a8e752b3fa2dac1c1cbc213c3d7ff9bdd0ab12395"},
    {file = "black-24.3.0-cp310-cp310-macosx_11_0_arm64.whl", hash = "sha256:9f50ea1132e2189d8dff0115ab75b65590a3e97de1e143795adb4ce317934995"},
    {file = "black-24.3.0-cp310-cp310-manylinux_2_17_x86_64.manylinux2014_x86_64.whl", hash = "sha256:e2af80566f43c85f5797365077fb64a393861a3730bd110971ab7a0c94e873e7"},
    {file = "black-24.3.0-cp310-cp310-win_amd64.whl", hash = "sha256:4be5bb28e090456adfc1255e03967fb67ca846a03be7aadf6249096100ee32d0"},
    {file = "black-24.3.0-cp311-cp311-macosx_10_9_x86_64.whl", hash = "sha256:4f1373a7808a8f135b774039f61d59e4be7eb56b2513d3d2f02a8b9365b8a8a9"},
    {file = "black-24.3.0-cp311-cp311-macosx_11_0_arm64.whl", hash = "sha256:aadf7a02d947936ee418777e0247ea114f78aff0d0959461057cae8a04f20597"},
    {file = "black-24.3.0-cp311-cp311-manylinux_2_17_x86_64.manylinux2014_x86_64.whl", hash = "sha256:65c02e4ea2ae09d16314d30912a58ada9a5c4fdfedf9512d23326128ac08ac3d"},
    {file = "black-24.3.0-cp311-cp311-win_amd64.whl", hash = "sha256:bf21b7b230718a5f08bd32d5e4f1db7fc8788345c8aea1d155fc17852b3410f5"},
    {file = "black-24.3.0-cp312-cp312-macosx_10_9_x86_64.whl", hash = "sha256:2818cf72dfd5d289e48f37ccfa08b460bf469e67fb7c4abb07edc2e9f16fb63f"},
    {file = "black-24.3.0-cp312-cp312-macosx_11_0_arm64.whl", hash = "sha256:4acf672def7eb1725f41f38bf6bf425c8237248bb0804faa3965c036f7672d11"},
    {file = "black-24.3.0-cp312-cp312-manylinux_2_17_x86_64.manylinux2014_x86_64.whl", hash = "sha256:c7ed6668cbbfcd231fa0dc1b137d3e40c04c7f786e626b405c62bcd5db5857e4"},
    {file = "black-24.3.0-cp312-cp312-win_amd64.whl", hash = "sha256:56f52cfbd3dabe2798d76dbdd299faa046a901041faf2cf33288bc4e6dae57b5"},
    {file = "black-24.3.0-cp38-cp38-macosx_10_9_x86_64.whl", hash = "sha256:79dcf34b33e38ed1b17434693763301d7ccbd1c5860674a8f871bd15139e7837"},
    {file = "black-24.3.0-cp38-cp38-macosx_11_0_arm64.whl", hash = "sha256:e19cb1c6365fd6dc38a6eae2dcb691d7d83935c10215aef8e6c38edee3f77abd"},
    {file = "black-24.3.0-cp38-cp38-manylinux_2_17_x86_64.manylinux2014_x86_64.whl", hash = "sha256:65b76c275e4c1c5ce6e9870911384bff5ca31ab63d19c76811cb1fb162678213"},
    {file = "black-24.3.0-cp38-cp38-win_amd64.whl", hash = "sha256:b5991d523eee14756f3c8d5df5231550ae8993e2286b8014e2fdea7156ed0959"},
    {file = "black-24.3.0-cp39-cp39-macosx_10_9_x86_64.whl", hash = "sha256:c45f8dff244b3c431b36e3224b6be4a127c6aca780853574c00faf99258041eb"},
    {file = "black-24.3.0-cp39-cp39-macosx_11_0_arm64.whl", hash = "sha256:6905238a754ceb7788a73f02b45637d820b2f5478b20fec82ea865e4f5d4d9f7"},
    {file = "black-24.3.0-cp39-cp39-manylinux_2_17_x86_64.manylinux2014_x86_64.whl", hash = "sha256:d7de8d330763c66663661a1ffd432274a2f92f07feeddd89ffd085b5744f85e7"},
    {file = "black-24.3.0-cp39-cp39-win_amd64.whl", hash = "sha256:7bb041dca0d784697af4646d3b62ba4a6b028276ae878e53f6b4f74ddd6db99f"},
    {file = "black-24.3.0-py3-none-any.whl", hash = "sha256:41622020d7120e01d377f74249e677039d20e6344ff5851de8a10f11f513bf93"},
    {file = "black-24.3.0.tar.gz", hash = "sha256:a0c9c4a0771afc6919578cec71ce82a3e31e054904e7197deacbc9382671c41f"},
]

[package.dependencies]
click = ">=8.0.0"
mypy-extensions = ">=0.4.3"
packaging = ">=22.0"
pathspec = ">=0.9.0"
platformdirs = ">=2"
tomli = {version = ">=1.1.0", markers = "python_version < \"3.11\""}
typing-extensions = {version = ">=4.0.1", markers = "python_version < \"3.11\""}

[package.extras]
colorama = ["colorama (>=0.4.3)"]
d = ["aiohttp (>=3.7.4)", "aiohttp (>=3.7.4,!=3.9.0)"]
jupyter = ["ipython (>=7.8.0)", "tokenize-rt (>=3.2.0)"]
uvloop = ["uvloop (>=0.15.2)"]

[[package]]
name = "click"
version = "8.1.7"
description = "Composable command line interface toolkit"
optional = false
python-versions = ">=3.7"
files = [
    {file = "click-8.1.7-py3-none-any.whl", hash = "sha256:ae74fb96c20a0277a1d615f1e4d73c8414f5a98db8b799a7931d1582f3390c28"},
    {file = "click-8.1.7.tar.gz", hash = "sha256:ca9853ad459e787e2192211578cc907e7594e294c7ccc834310722b41b9ca6de"},
]

[package.dependencies]
colorama = {version = "*", markers = "platform_system == \"Windows\""}

[[package]]
name = "colorama"
version = "0.4.6"
description = "Cross-platform colored terminal text."
optional = false
python-versions = "!=3.0.*,!=3.1.*,!=3.2.*,!=3.3.*,!=3.4.*,!=3.5.*,!=3.6.*,>=2.7"
files = [
    {file = "colorama-0.4.6-py2.py3-none-any.whl", hash = "sha256:4f1d9991f5acc0ca119f9d443620b77f9d6b33703e51011c16baf57afb285fc6"},
    {file = "colorama-0.4.6.tar.gz", hash = "sha256:08695f5cb7ed6e0531a20572697297273c47b8cae5a63ffc6d6ed5c201be6e44"},
]

[[package]]
name = "cycler"
version = "0.10.0"
description = "Composable style cycles"
optional = false
python-versions = "*"
files = [
    {file = "cycler-0.10.0-py2.py3-none-any.whl", hash = "sha256:1d8a5ae1ff6c5cf9b93e8811e581232ad8920aeec647c37316ceac982b08cb2d"},
    {file = "cycler-0.10.0.tar.gz", hash = "sha256:cd7b2d1018258d7247a71425e9f26463dfb444d411c39569972f4ce586b0c9d8"},
]

[package.dependencies]
six = "*"

[[package]]
name = "kiwisolver"
version = "1.3.1"
description = "A fast implementation of the Cassowary constraint solver"
optional = false
python-versions = ">=3.6"
files = [
    {file = "kiwisolver-1.3.1-cp36-cp36m-macosx_10_9_x86_64.whl", hash = "sha256:fd34fbbfbc40628200730bc1febe30631347103fc8d3d4fa012c21ab9c11eca9"},
    {file = "kiwisolver-1.3.1-cp36-cp36m-manylinux1_i686.whl", hash = "sha256:d3155d828dec1d43283bd24d3d3e0d9c7c350cdfcc0bd06c0ad1209c1bbc36d0"},
    {file = "kiwisolver-1.3.1-cp36-cp36m-manylinux1_x86_64.whl", hash = "sha256:5a7a7dbff17e66fac9142ae2ecafb719393aaee6a3768c9de2fd425c63b53e21"},
    {file = "kiwisolver-1.3.1-cp36-cp36m-manylinux2014_aarch64.whl", hash = "sha256:f8d6f8db88049a699817fd9178782867bf22283e3813064302ac59f61d95be05"},
    {file = "kiwisolver-1.3.1-cp36-cp36m-manylinux2014_ppc64le.whl", hash = "sha256:5f6ccd3dd0b9739edcf407514016108e2280769c73a85b9e59aa390046dbf08b"},
    {file = "kiwisolver-1.3.1-cp36-cp36m-win32.whl", hash = "sha256:225e2e18f271e0ed8157d7f4518ffbf99b9450fca398d561eb5c4a87d0986dd9"},
    {file = "kiwisolver-1.3.1-cp36-cp36m-win_amd64.whl", hash = "sha256:cf8b574c7b9aa060c62116d4181f3a1a4e821b2ec5cbfe3775809474113748d4"},
    {file = "kiwisolver-1.3.1-cp37-cp37m-macosx_10_9_x86_64.whl", hash = "sha256:232c9e11fd7ac3a470d65cd67e4359eee155ec57e822e5220322d7b2ac84fbf0"},
    {file = "kiwisolver-1.3.1-cp37-cp37m-manylinux1_i686.whl", hash = "sha256:b38694dcdac990a743aa654037ff1188c7a9801ac3ccc548d3341014bc5ca278"},
    {file = "kiwisolver-1.3.1-cp37-cp37m-manylinux1_x86_64.whl", hash = "sha256:ca3820eb7f7faf7f0aa88de0e54681bddcb46e485beb844fcecbcd1c8bd01689"},
    {file = "kiwisolver-1.3.1-cp37-cp37m-manylinux2014_aarch64.whl", hash = "sha256:c8fd0f1ae9d92b42854b2979024d7597685ce4ada367172ed7c09edf2cef9cb8"},
    {file = "kiwisolver-1.3.1-cp37-cp37m-manylinux2014_ppc64le.whl", hash = "sha256:1e1bc12fb773a7b2ffdeb8380609f4f8064777877b2225dec3da711b421fda31"},
    {file = "kiwisolver-1.3.1-cp37-cp37m-win32.whl", hash = "sha256:72c99e39d005b793fb7d3d4e660aed6b6281b502e8c1eaf8ee8346023c8e03bc"},
    {file = "kiwisolver-1.3.1-cp37-cp37m-win_amd64.whl", hash = "sha256:8be8d84b7d4f2ba4ffff3665bcd0211318aa632395a1a41553250484a871d454"},
    {file = "kiwisolver-1.3.1-cp38-cp38-macosx_10_9_universal2.whl", hash = "sha256:24cc411232d14c8abafbd0dddb83e1a4f54d77770b53db72edcfe1d611b3bf11"},
    {file = "kiwisolver-1.3.1-cp38-cp38-macosx_10_9_x86_64.whl", hash = "sha256:31dfd2ac56edc0ff9ac295193eeaea1c0c923c0355bf948fbd99ed6018010b72"},
    {file = "kiwisolver-1.3.1-cp38-cp38-macosx_11_0_arm64.whl", hash = "sha256:ef6eefcf3944e75508cdfa513c06cf80bafd7d179e14c1334ebdca9ebb8c2c66"},
    {file = "kiwisolver-1.3.1-cp38-cp38-manylinux1_i686.whl", hash = "sha256:563c649cfdef27d081c84e72a03b48ea9408c16657500c312575ae9d9f7bc1c3"},
    {file = "kiwisolver-1.3.1-cp38-cp38-manylinux1_x86_64.whl", hash = "sha256:78751b33595f7f9511952e7e60ce858c6d64db2e062afb325985ddbd34b5c131"},
    {file = "kiwisolver-1.3.1-cp38-cp38-manylinux2014_aarch64.whl", hash = "sha256:a357fd4f15ee49b4a98b44ec23a34a95f1e00292a139d6015c11f55774ef10de"},
    {file = "kiwisolver-1.3.1-cp38-cp38-manylinux2014_ppc64le.whl", hash = "sha256:5989db3b3b34b76c09253deeaf7fbc2707616f130e166996606c284395da3f18"},
    {file = "kiwisolver-1.3.1-cp38-cp38-win32.whl", hash = "sha256:c08e95114951dc2090c4a630c2385bef681cacf12636fb0241accdc6b303fd81"},
    {file = "kiwisolver-1.3.1-cp38-cp38-win_amd64.whl", hash = "sha256:44a62e24d9b01ba94ae7a4a6c3fb215dc4af1dde817e7498d901e229aaf50e4e"},
    {file = "kiwisolver-1.3.1-cp39-cp39-macosx_10_9_universal2.whl", hash = "sha256:6d9d8d9b31aa8c2d80a690693aebd8b5e2b7a45ab065bb78f1609995d2c79240"},
    {file = "kiwisolver-1.3.1-cp39-cp39-macosx_10_9_x86_64.whl", hash = "sha256:50af681a36b2a1dee1d3c169ade9fdc59207d3c31e522519181e12f1b3ba7000"},
    {file = "kiwisolver-1.3.1-cp39-cp39-macosx_11_0_arm64.whl", hash = "sha256:792e69140828babe9649de583e1a03a0f2ff39918a71782c76b3c683a67c6dfd"},
    {file = "kiwisolver-1.3.1-cp39-cp39-manylinux1_i686.whl", hash = "sha256:a53d27d0c2a0ebd07e395e56a1fbdf75ffedc4a05943daf472af163413ce9598"},
    {file = "kiwisolver-1.3.1-cp39-cp39-manylinux1_x86_64.whl", hash = "sha256:834ee27348c4aefc20b479335fd422a2c69db55f7d9ab61721ac8cd83eb78882"},
    {file = "kiwisolver-1.3.1-cp39-cp39-manylinux2014_aarch64.whl", hash = "sha256:5c3e6455341008a054cccee8c5d24481bcfe1acdbc9add30aa95798e95c65621"},
    {file = "kiwisolver-1.3.1-cp39-cp39-manylinux2014_ppc64le.whl", hash = "sha256:acef3d59d47dd85ecf909c359d0fd2c81ed33bdff70216d3956b463e12c38a54"},
    {file = "kiwisolver-1.3.1-cp39-cp39-win32.whl", hash = "sha256:c5518d51a0735b1e6cee1fdce66359f8d2b59c3ca85dc2b0813a8aa86818a030"},
    {file = "kiwisolver-1.3.1-cp39-cp39-win_amd64.whl", hash = "sha256:b9edd0110a77fc321ab090aaa1cfcaba1d8499850a12848b81be2222eab648f6"},
    {file = "kiwisolver-1.3.1-pp36-pypy36_pp73-macosx_10_9_x86_64.whl", hash = "sha256:0cd53f403202159b44528498de18f9285b04482bab2a6fc3f5dd8dbb9352e30d"},
    {file = "kiwisolver-1.3.1-pp36-pypy36_pp73-manylinux2010_x86_64.whl", hash = "sha256:33449715e0101e4d34f64990352bce4095c8bf13bed1b390773fc0a7295967b3"},
    {file = "kiwisolver-1.3.1-pp36-pypy36_pp73-win32.whl", hash = "sha256:401a2e9afa8588589775fe34fc22d918ae839aaaf0c0e96441c0fdbce6d8ebe6"},
    {file = "kiwisolver-1.3.1-pp37-pypy37_pp73-macosx_10_9_x86_64.whl", hash = "sha256:d6563ccd46b645e966b400bb8a95d3457ca6cf3bba1e908f9e0927901dfebeb1"},
    {file = "kiwisolver-1.3.1.tar.gz", hash = "sha256:950a199911a8d94683a6b10321f9345d5a3a8433ec58b217ace979e18f16e248"},
]

[[package]]
name = "matplotlib"
version = "3.3.3"
description = "Python plotting package"
optional = false
python-versions = ">=3.6"
files = [
    {file = "matplotlib-3.3.3-cp36-cp36m-macosx_10_9_x86_64.whl", hash = "sha256:b2a5e1f637a92bb6f3526cc54cc8af0401112e81ce5cba6368a1b7908f9e18bc"},
    {file = "matplotlib-3.3.3-cp36-cp36m-manylinux1_i686.whl", hash = "sha256:c586ac1d64432f92857c3cf4478cfb0ece1ae18b740593f8a39f2f0b27c7fda5"},
    {file = "matplotlib-3.3.3-cp36-cp36m-manylinux1_x86_64.whl", hash = "sha256:9b03722c89a43a61d4d148acfc89ec5bb54cd0fd1539df25b10eb9c5fa6c393a"},
    {file = "matplotlib-3.3.3-cp36-cp36m-win32.whl", hash = "sha256:2c2c5041608cb75c39cbd0ed05256f8a563e144234a524c59d091abbfa7a868f"},
    {file = "matplotlib-3.3.3-cp36-cp36m-win_amd64.whl", hash = "sha256:c092fc4673260b1446b8578015321081d5db73b94533fe4bf9b69f44e948d174"},
    {file = "matplotlib-3.3.3-cp37-cp37m-macosx_10_9_x86_64.whl", hash = "sha256:27c9393fada62bd0ad7c730562a0fecbd3d5aaa8d9ed80ba7d3ebb8abc4f0453"},
    {file = "matplotlib-3.3.3-cp37-cp37m-manylinux1_i686.whl", hash = "sha256:b8ba2a1dbb4660cb469fe8e1febb5119506059e675180c51396e1723ff9b79d9"},
    {file = "matplotlib-3.3.3-cp37-cp37m-manylinux1_x86_64.whl", hash = "sha256:0caa687fce6174fef9b27d45f8cc57cbc572e04e98c81db8e628b12b563d59a2"},
    {file = "matplotlib-3.3.3-cp37-cp37m-win32.whl", hash = "sha256:b7b09c61a91b742cb5460b72efd1fe26ef83c1c704f666e0af0df156b046aada"},
    {file = "matplotlib-3.3.3-cp37-cp37m-win_amd64.whl", hash = "sha256:6ffd2d80d76df2e5f9f0c0140b5af97e3b87dd29852dcdb103ec177d853ec06b"},
    {file = "matplotlib-3.3.3-cp38-cp38-macosx_10_9_x86_64.whl", hash = "sha256:5111d6d47a0f5b8f3e10af7a79d5e7eb7e73a22825391834734274c4f312a8a0"},
    {file = "matplotlib-3.3.3-cp38-cp38-manylinux1_i686.whl", hash = "sha256:a4fe54eab2c7129add75154823e6543b10261f9b65b2abe692d68743a4999f8c"},
    {file = "matplotlib-3.3.3-cp38-cp38-manylinux1_x86_64.whl", hash = "sha256:83e6c895d93fdf93eeff1a21ee96778ba65ef258e5d284160f7c628fee40c38f"},
    {file = "matplotlib-3.3.3-cp38-cp38-win32.whl", hash = "sha256:b26c472847911f5a7eb49e1c888c31c77c4ddf8023c1545e0e8e0367ba74fb15"},
    {file = "matplotlib-3.3.3-cp38-cp38-win_amd64.whl", hash = "sha256:09225edca87a79815822eb7d3be63a83ebd4d9d98d5aa3a15a94f4eee2435954"},
    {file = "matplotlib-3.3.3-cp39-cp39-macosx_10_9_x86_64.whl", hash = "sha256:eb6b6700ea454bb88333d98601e74928e06f9669c1ea231b4c4c666c1d7701b4"},
    {file = "matplotlib-3.3.3-cp39-cp39-manylinux1_i686.whl", hash = "sha256:2d31aff0c8184b05006ad756b9a4dc2a0805e94d28f3abc3187e881b6673b302"},
    {file = "matplotlib-3.3.3-cp39-cp39-manylinux1_x86_64.whl", hash = "sha256:d082f77b4ed876ae94a9373f0db96bf8768a7cca6c58fc3038f94e30ffde1880"},
    {file = "matplotlib-3.3.3-cp39-cp39-win32.whl", hash = "sha256:e71cdd402047e657c1662073e9361106c6981e9621ab8c249388dfc3ec1de07b"},
    {file = "matplotlib-3.3.3-cp39-cp39-win_amd64.whl", hash = "sha256:756ee498b9ba35460e4cbbd73f09018e906daa8537fff61da5b5bf8d5e9de5c7"},
    {file = "matplotlib-3.3.3-pp36-pypy36_pp73-macosx_10_9_x86_64.whl", hash = "sha256:7ad44f2c74c50567c694ee91c6fa16d67e7c8af6f22c656b80469ad927688457"},
    {file = "matplotlib-3.3.3-pp36-pypy36_pp73-manylinux2010_x86_64.whl", hash = "sha256:3a4c3e9be63adf8e9b305aa58fb3ec40ecc61fd0f8fd3328ce55bc30e7a2aeb0"},
    {file = "matplotlib-3.3.3-pp37-pypy37_pp73-macosx_10_9_x86_64.whl", hash = "sha256:746897fbd72bd462b888c74ed35d812ca76006b04f717cd44698cdfc99aca70d"},
    {file = "matplotlib-3.3.3-pp37-pypy37_pp73-manylinux2010_x86_64.whl", hash = "sha256:5ed3d3342698c2b1f3651f8ea6c099b0f196d16ee00e33dc3a6fee8cb01d530a"},
    {file = "matplotlib-3.3.3.tar.gz", hash = "sha256:b1b60c6476c4cfe9e5cf8ab0d3127476fd3d5f05de0f343a452badaad0e4bdec"},
]

[package.dependencies]
cycler = ">=0.10"
kiwisolver = ">=1.0.1"
numpy = ">=1.15"
pillow = ">=6.2.0"
pyparsing = ">=2.0.3,<2.0.4 || >2.0.4,<2.1.2 || >2.1.2,<2.1.6 || >2.1.6"
python-dateutil = ">=2.1"

[[package]]
name = "mypy-extensions"
version = "0.4.3"
description = "Experimental type system extensions for programs checked with the mypy typechecker."
optional = false
python-versions = "*"
files = [
    {file = "mypy_extensions-0.4.3-py2.py3-none-any.whl", hash = "sha256:090fedd75945a69ae91ce1303b5824f428daf5a028d2f6ab8a299250a846f15d"},
    {file = "mypy_extensions-0.4.3.tar.gz", hash = "sha256:2d82818f5bb3e369420cb3c4060a7970edba416647068eb4c5343488a6c604a8"},
]

[[package]]
name = "numpy"
version = "1.22.0"
description = "NumPy is the fundamental package for array computing with Python."
optional = false
python-versions = ">=3.8"
files = [
    {file = "numpy-1.22.0-cp310-cp310-macosx_10_9_universal2.whl", hash = "sha256:3d22662b4b10112c545c91a0741f2436f8ca979ab3d69d03d19322aa970f9695"},
    {file = "numpy-1.22.0-cp310-cp310-macosx_10_9_x86_64.whl", hash = "sha256:11a1f3816ea82eed4178102c56281782690ab5993251fdfd75039aad4d20385f"},
    {file = "numpy-1.22.0-cp310-cp310-macosx_11_0_arm64.whl", hash = "sha256:5dc65644f75a4c2970f21394ad8bea1a844104f0fe01f278631be1c7eae27226"},
    {file = "numpy-1.22.0-cp310-cp310-manylinux_2_17_aarch64.manylinux2014_aarch64.whl", hash = "sha256:42c16cec1c8cf2728f1d539bd55aaa9d6bb48a7de2f41eb944697293ef65a559"},
    {file = "numpy-1.22.0-cp310-cp310-manylinux_2_17_x86_64.manylinux2014_x86_64.whl", hash = "sha256:a97e82c39d9856fe7d4f9b86d8a1e66eff99cf3a8b7ba48202f659703d27c46f"},
    {file = "numpy-1.22.0-cp310-cp310-win_amd64.whl", hash = "sha256:e41e8951749c4b5c9a2dc5fdbc1a4eec6ab2a140fdae9b460b0f557eed870f4d"},
    {file = "numpy-1.22.0-cp38-cp38-macosx_10_9_universal2.whl", hash = "sha256:bece0a4a49e60e472a6d1f70ac6cdea00f9ab80ff01132f96bd970cdd8a9e5a9"},
    {file = "numpy-1.22.0-cp38-cp38-macosx_10_9_x86_64.whl", hash = "sha256:818b9be7900e8dc23e013a92779135623476f44a0de58b40c32a15368c01d471"},
    {file = "numpy-1.22.0-cp38-cp38-macosx_11_0_arm64.whl", hash = "sha256:47ee7a839f5885bc0c63a74aabb91f6f40d7d7b639253768c4199b37aede7982"},
    {file = "numpy-1.22.0-cp38-cp38-manylinux_2_17_aarch64.manylinux2014_aarch64.whl", hash = "sha256:a024181d7aef0004d76fb3bce2a4c9f2e67a609a9e2a6ff2571d30e9976aa383"},
    {file = "numpy-1.22.0-cp38-cp38-manylinux_2_17_x86_64.manylinux2014_x86_64.whl", hash = "sha256:f71d57cc8645f14816ae249407d309be250ad8de93ef61d9709b45a0ddf4050c"},
    {file = "numpy-1.22.0-cp38-cp38-win32.whl", hash = "sha256:283d9de87c0133ef98f93dfc09fad3fb382f2a15580de75c02b5bb36a5a159a5"},
    {file = "numpy-1.22.0-cp38-cp38-win_amd64.whl", hash = "sha256:2762331de395739c91f1abb88041f94a080cb1143aeec791b3b223976228af3f"},
    {file = "numpy-1.22.0-cp39-cp39-macosx_10_9_universal2.whl", hash = "sha256:76ba7c40e80f9dc815c5e896330700fd6e20814e69da9c1267d65a4d051080f1"},
    {file = "numpy-1.22.0-cp39-cp39-macosx_10_9_x86_64.whl", hash = "sha256:0cfe07133fd00b27edee5e6385e333e9eeb010607e8a46e1cd673f05f8596595"},
    {file = "numpy-1.22.0-cp39-cp39-macosx_11_0_arm64.whl", hash = "sha256:6ed0d073a9c54ac40c41a9c2d53fcc3d4d4ed607670b9e7b0de1ba13b4cbfe6f"},
    {file = "numpy-1.22.0-cp39-cp39-manylinux_2_17_aarch64.manylinux2014_aarch64.whl", hash = "sha256:41388e32e40b41dd56eb37fcaa7488b2b47b0adf77c66154d6b89622c110dfe9"},
    {file = "numpy-1.22.0-cp39-cp39-manylinux_2_17_x86_64.manylinux2014_x86_64.whl", hash = "sha256:b55b953a1bdb465f4dc181758570d321db4ac23005f90ffd2b434cc6609a63dd"},
    {file = "numpy-1.22.0-cp39-cp39-win32.whl", hash = "sha256:5a311ee4d983c487a0ab546708edbdd759393a3dc9cd30305170149fedd23c88"},
    {file = "numpy-1.22.0-cp39-cp39-win_amd64.whl", hash = "sha256:a97a954a8c2f046d3817c2bce16e3c7e9a9c2afffaf0400f5c16df5172a67c9c"},
    {file = "numpy-1.22.0-pp38-pypy38_pp73-manylinux_2_17_x86_64.manylinux2014_x86_64.whl", hash = "sha256:bb02929b0d6bfab4c48a79bd805bd7419114606947ec8284476167415171f55b"},
    {file = "numpy-1.22.0.zip", hash = "sha256:a955e4128ac36797aaffd49ab44ec74a71c11d6938df83b1285492d277db5397"},
]

[[package]]
name = "packaging"
version = "24.2"
description = "Core utilities for Python packages"
optional = false
python-versions = ">=3.8"
files = [
    {file = "packaging-24.2-py3-none-any.whl", hash = "sha256:09abb1bccd265c01f4a3aa3f7a7db064b36514d2cba19a2f694fe6150451a759"},
    {file = "packaging-24.2.tar.gz", hash = "sha256:c228a6dc5e932d346bc5739379109d49e8853dd8223571c7c5b55260edc0b97f"},
]

[[package]]
name = "pathspec"
version = "0.12.1"
description = "Utility library for gitignore style pattern matching of file paths."
optional = false
python-versions = ">=3.8"
files = [
    {file = "pathspec-0.12.1-py3-none-any.whl", hash = "sha256:a0d503e138a4c123b27490a4f7beda6a01c6f288df0e4a8b79c7eb0dc7b4cc08"},
    {file = "pathspec-0.12.1.tar.gz", hash = "sha256:a482d51503a1ab33b1c67a6c3813a26953dbdc71c31dacaef9a838c4e29f5712"},
]

[[package]]
name = "pillow"
version = "10.3.0"
description = "Python Imaging Library (Fork)"
optional = false
python-versions = ">=3.8"
files = [
    {file = "pillow-10.3.0-cp310-cp310-macosx_10_10_x86_64.whl", hash = "sha256:90b9e29824800e90c84e4022dd5cc16eb2d9605ee13f05d47641eb183cd73d45"},
    {file = "pillow-10.3.0-cp310-cp310-macosx_11_0_arm64.whl", hash = "sha256:a2c405445c79c3f5a124573a051062300936b0281fee57637e706453e452746c"},
    {file = "pillow-10.3.0-cp310-cp310-manylinux_2_17_aarch64.manylinux2014_aarch64.whl", hash = "sha256:78618cdbccaa74d3f88d0ad6cb8ac3007f1a6fa5c6f19af64b55ca170bfa1edf"},
    {file = "pillow-10.3.0-cp310-cp310-manylinux_2_17_x86_64.manylinux2014_x86_64.whl", hash = "sha256:261ddb7ca91fcf71757979534fb4c128448b5b4c55cb6152d280312062f69599"},
    {file = "pillow-10.3.0-cp310-cp310-manylinux_2_28_aarch64.whl", hash = "sha256:ce49c67f4ea0609933d01c0731b34b8695a7a748d6c8d186f95e7d085d2fe475"},
    {file = "pillow-10.3.0-cp310-cp310-manylinux_2_28_x86_64.whl", hash = "sha256:b14f16f94cbc61215115b9b1236f9c18403c15dd3c52cf629072afa9d54c1cbf"},
    {file = "pillow-10.3.0-cp310-cp310-musllinux_1_1_aarch64.whl", hash = "sha256:d33891be6df59d93df4d846640f0e46f1a807339f09e79a8040bc887bdcd7ed3"},
    {file = "pillow-10.3.0-cp310-cp310-musllinux_1_1_x86_64.whl", hash = "sha256:b50811d664d392f02f7761621303eba9d1b056fb1868c8cdf4231279645c25f5"},
    {file = "pillow-10.3.0-cp310-cp310-win32.whl", hash = "sha256:ca2870d5d10d8726a27396d3ca4cf7976cec0f3cb706debe88e3a5bd4610f7d2"},
    {file = "pillow-10.3.0-cp310-cp310-win_amd64.whl", hash = "sha256:f0d0591a0aeaefdaf9a5e545e7485f89910c977087e7de2b6c388aec32011e9f"},
    {file = "pillow-10.3.0-cp310-cp310-win_arm64.whl", hash = "sha256:ccce24b7ad89adb5a1e34a6ba96ac2530046763912806ad4c247356a8f33a67b"},
    {file = "pillow-10.3.0-cp311-cp311-macosx_10_10_x86_64.whl", hash = "sha256:5f77cf66e96ae734717d341c145c5949c63180842a545c47a0ce7ae52ca83795"},
    {file = "pillow-10.3.0-cp311-cp311-macosx_11_0_arm64.whl", hash = "sha256:e4b878386c4bf293578b48fc570b84ecfe477d3b77ba39a6e87150af77f40c57"},
    {file = "pillow-10.3.0-cp311-cp311-manylinux_2_17_aarch64.manylinux2014_aarch64.whl", hash = "sha256:fdcbb4068117dfd9ce0138d068ac512843c52295ed996ae6dd1faf537b6dbc27"},
    {file = "pillow-10.3.0-cp311-cp311-manylinux_2_17_x86_64.manylinux2014_x86_64.whl", hash = "sha256:9797a6c8fe16f25749b371c02e2ade0efb51155e767a971c61734b1bf6293994"},
    {file = "pillow-10.3.0-cp311-cp311-manylinux_2_28_aarch64.whl", hash = "sha256:9e91179a242bbc99be65e139e30690e081fe6cb91a8e77faf4c409653de39451"},
    {file = "pillow-10.3.0-cp311-cp311-manylinux_2_28_x86_64.whl", hash = "sha256:1b87bd9d81d179bd8ab871603bd80d8645729939f90b71e62914e816a76fc6bd"},
    {file = "pillow-10.3.0-cp311-cp311-musllinux_1_1_aarch64.whl", hash = "sha256:81d09caa7b27ef4e61cb7d8fbf1714f5aec1c6b6c5270ee53504981e6e9121ad"},
    {file = "pillow-10.3.0-cp311-cp311-musllinux_1_1_x86_64.whl", hash = "sha256:048ad577748b9fa4a99a0548c64f2cb8d672d5bf2e643a739ac8faff1164238c"},
    {file = "pillow-10.3.0-cp311-cp311-win32.whl", hash = "sha256:7161ec49ef0800947dc5570f86568a7bb36fa97dd09e9827dc02b718c5643f09"},
    {file = "pillow-10.3.0-cp311-cp311-win_amd64.whl", hash = "sha256:8eb0908e954d093b02a543dc963984d6e99ad2b5e36503d8a0aaf040505f747d"},
    {file = "pillow-10.3.0-cp311-cp311-win_arm64.whl", hash = "sha256:4e6f7d1c414191c1199f8996d3f2282b9ebea0945693fb67392c75a3a320941f"},
    {file = "pillow-10.3.0-cp312-cp312-macosx_10_10_x86_64.whl", hash = "sha256:e46f38133e5a060d46bd630faa4d9fa0202377495df1f068a8299fd78c84de84"},
    {file = "pillow-10.3.0-cp312-cp312-macosx_11_0_arm64.whl", hash = "sha256:50b8eae8f7334ec826d6eeffaeeb00e36b5e24aa0b9df322c247539714c6df19"},
    {file = "pillow-10.3.0-cp312-cp312-manylinux_2_17_aarch64.manylinux2014_aarch64.whl", hash = "sha256:9d3bea1c75f8c53ee4d505c3e67d8c158ad4df0d83170605b50b64025917f338"},
    {file = "pillow-10.3.0-cp312-cp312-manylinux_2_17_x86_64.manylinux2014_x86_64.whl", hash = "sha256:19aeb96d43902f0a783946a0a87dbdad5c84c936025b8419da0a0cd7724356b1"},
    {file = "pillow-10.3.0-cp312-cp312-manylinux_2_28_aarch64.whl", hash = "sha256:74d28c17412d9caa1066f7a31df8403ec23d5268ba46cd0ad2c50fb82ae40462"},
    {file = "pillow-10.3.0-cp312-cp312-manylinux_2_28_x86_64.whl", hash = "sha256:ff61bfd9253c3915e6d41c651d5f962da23eda633cf02262990094a18a55371a"},
    {file = "pillow-10.3.0-cp312-cp312-musllinux_1_1_aarch64.whl", hash = "sha256:d886f5d353333b4771d21267c7ecc75b710f1a73d72d03ca06df49b09015a9ef"},
    {file = "pillow-10.3.0-cp312-cp312-musllinux_1_1_x86_64.whl", hash = "sha256:4b5ec25d8b17217d635f8935dbc1b9aa5907962fae29dff220f2659487891cd3"},
    {file = "pillow-10.3.0-cp312-cp312-win32.whl", hash = "sha256:51243f1ed5161b9945011a7360e997729776f6e5d7005ba0c6879267d4c5139d"},
    {file = "pillow-10.3.0-cp312-cp312-win_amd64.whl", hash = "sha256:412444afb8c4c7a6cc11a47dade32982439925537e483be7c0ae0cf96c4f6a0b"},
    {file = "pillow-10.3.0-cp312-cp312-win_arm64.whl", hash = "sha256:798232c92e7665fe82ac085f9d8e8ca98826f8e27859d9a96b41d519ecd2e49a"},
    {file = "pillow-10.3.0-cp38-cp38-macosx_10_10_x86_64.whl", hash = "sha256:4eaa22f0d22b1a7e93ff0a596d57fdede2e550aecffb5a1ef1106aaece48e96b"},
    {file = "pillow-10.3.0-cp38-cp38-macosx_11_0_arm64.whl", hash = "sha256:cd5e14fbf22a87321b24c88669aad3a51ec052eb145315b3da3b7e3cc105b9a2"},
    {file = "pillow-10.3.0-cp38-cp38-manylinux_2_17_aarch64.manylinux2014_aarch64.whl", hash = "sha256:1530e8f3a4b965eb6a7785cf17a426c779333eb62c9a7d1bbcf3ffd5bf77a4aa"},
    {file = "pillow-10.3.0-cp38-cp38-manylinux_2_17_x86_64.manylinux2014_x86_64.whl", hash = "sha256:5d512aafa1d32efa014fa041d38868fda85028e3f930a96f85d49c7d8ddc0383"},
    {file = "pillow-10.3.0-cp38-cp38-manylinux_2_28_aarch64.whl", hash = "sha256:339894035d0ede518b16073bdc2feef4c991ee991a29774b33e515f1d308e08d"},
    {file = "pillow-10.3.0-cp38-cp38-manylinux_2_28_x86_64.whl", hash = "sha256:aa7e402ce11f0885305bfb6afb3434b3cd8f53b563ac065452d9d5654c7b86fd"},
    {file = "pillow-10.3.0-cp38-cp38-musllinux_1_1_aarch64.whl", hash = "sha256:0ea2a783a2bdf2a561808fe4a7a12e9aa3799b701ba305de596bc48b8bdfce9d"},
    {file = "pillow-10.3.0-cp38-cp38-musllinux_1_1_x86_64.whl", hash = "sha256:c78e1b00a87ce43bb37642c0812315b411e856a905d58d597750eb79802aaaa3"},
    {file = "pillow-10.3.0-cp38-cp38-win32.whl", hash = "sha256:72d622d262e463dfb7595202d229f5f3ab4b852289a1cd09650362db23b9eb0b"},
    {file = "pillow-10.3.0-cp38-cp38-win_amd64.whl", hash = "sha256:2034f6759a722da3a3dbd91a81148cf884e91d1b747992ca288ab88c1de15999"},
    {file = "pillow-10.3.0-cp39-cp39-macosx_10_10_x86_64.whl", hash = "sha256:2ed854e716a89b1afcedea551cd85f2eb2a807613752ab997b9974aaa0d56936"},
    {file = "pillow-10.3.0-cp39-cp39-macosx_11_0_arm64.whl", hash = "sha256:dc1a390a82755a8c26c9964d457d4c9cbec5405896cba94cf51f36ea0d855002"},
    {file = "pillow-10.3.0-cp39-cp39-manylinux_2_17_aarch64.manylinux2014_aarch64.whl", hash = "sha256:4203efca580f0dd6f882ca211f923168548f7ba334c189e9eab1178ab840bf60"},
    {file = "pillow-10.3.0-cp39-cp39-manylinux_2_17_x86_64.manylinux2014_x86_64.whl", hash = "sha256:3102045a10945173d38336f6e71a8dc71bcaeed55c3123ad4af82c52807b9375"},
    {file = "pillow-10.3.0-cp39-cp39-manylinux_2_28_aarch64.whl", hash = "sha256:6fb1b30043271ec92dc65f6d9f0b7a830c210b8a96423074b15c7bc999975f57"},
    {file = "pillow-10.3.0-cp39-cp39-manylinux_2_28_x86_64.whl", hash = "sha256:1dfc94946bc60ea375cc39cff0b8da6c7e5f8fcdc1d946beb8da5c216156ddd8"},
    {file = "pillow-10.3.0-cp39-cp39-musllinux_1_1_aarch64.whl", hash = "sha256:b09b86b27a064c9624d0a6c54da01c1beaf5b6cadfa609cf63789b1d08a797b9"},
    {file = "pillow-10.3.0-cp39-cp39-musllinux_1_1_x86_64.whl", hash = "sha256:d3b2348a78bc939b4fed6552abfd2e7988e0f81443ef3911a4b8498ca084f6eb"},
    {file = "pillow-10.3.0-cp39-cp39-win32.whl", hash = "sha256:45ebc7b45406febf07fef35d856f0293a92e7417ae7933207e90bf9090b70572"},
    {file = "pillow-10.3.0-cp39-cp39-win_amd64.whl", hash = "sha256:0ba26351b137ca4e0db0342d5d00d2e355eb29372c05afd544ebf47c0956ffeb"},
    {file = "pillow-10.3.0-cp39-cp39-win_arm64.whl", hash = "sha256:50fd3f6b26e3441ae07b7c979309638b72abc1a25da31a81a7fbd9495713ef4f"},
    {file = "pillow-10.3.0-pp310-pypy310_pp73-macosx_10_10_x86_64.whl", hash = "sha256:6b02471b72526ab8a18c39cb7967b72d194ec53c1fd0a70b050565a0f366d355"},
    {file = "pillow-10.3.0-pp310-pypy310_pp73-macosx_11_0_arm64.whl", hash = "sha256:8ab74c06ffdab957d7670c2a5a6e1a70181cd10b727cd788c4dd9005b6a8acd9"},
    {file = "pillow-10.3.0-pp310-pypy310_pp73-manylinux_2_17_aarch64.manylinux2014_aarch64.whl", hash = "sha256:048eeade4c33fdf7e08da40ef402e748df113fd0b4584e32c4af74fe78baaeb2"},
    {file = "pillow-10.3.0-pp310-pypy310_pp73-manylinux_2_17_x86_64.manylinux2014_x86_64.whl", hash = "sha256:9e2ec1e921fd07c7cda7962bad283acc2f2a9ccc1b971ee4b216b75fad6f0463"},
    {file = "pillow-10.3.0-pp310-pypy310_pp73-manylinux_2_28_aarch64.whl", hash = "sha256:4c8e73e99da7db1b4cad7f8d682cf6abad7844da39834c288fbfa394a47bbced"},
    {file = "pillow-10.3.0-pp310-pypy310_pp73-manylinux_2_28_x86_64.whl", hash = "sha256:16563993329b79513f59142a6b02055e10514c1a8e86dca8b48a893e33cf91e3"},
    {file = "pillow-10.3.0-pp310-pypy310_pp73-win_amd64.whl", hash = "sha256:dd78700f5788ae180b5ee8902c6aea5a5726bac7c364b202b4b3e3ba2d293170"},
    {file = "pillow-10.3.0-pp39-pypy39_pp73-macosx_10_10_x86_64.whl", hash = "sha256:aff76a55a8aa8364d25400a210a65ff59d0168e0b4285ba6bf2bd83cf675ba32"},
    {file = "pillow-10.3.0-pp39-pypy39_pp73-macosx_11_0_arm64.whl", hash = "sha256:b7bc2176354defba3edc2b9a777744462da2f8e921fbaf61e52acb95bafa9828"},
    {file = "pillow-10.3.0-pp39-pypy39_pp73-manylinux_2_17_aarch64.manylinux2014_aarch64.whl", hash = "sha256:793b4e24db2e8742ca6423d3fde8396db336698c55cd34b660663ee9e45ed37f"},
    {file = "pillow-10.3.0-pp39-pypy39_pp73-manylinux_2_17_x86_64.manylinux2014_x86_64.whl", hash = "sha256:d93480005693d247f8346bc8ee28c72a2191bdf1f6b5db469c096c0c867ac015"},
    {file = "pillow-10.3.0-pp39-pypy39_pp73-manylinux_2_28_aarch64.whl", hash = "sha256:c83341b89884e2b2e55886e8fbbf37c3fa5efd6c8907124aeb72f285ae5696e5"},
    {file = "pillow-10.3.0-pp39-pypy39_pp73-manylinux_2_28_x86_64.whl", hash = "sha256:1a1d1915db1a4fdb2754b9de292642a39a7fb28f1736699527bb649484fb966a"},
    {file = "pillow-10.3.0-pp39-pypy39_pp73-win_amd64.whl", hash = "sha256:a0eaa93d054751ee9964afa21c06247779b90440ca41d184aeb5d410f20ff591"},
    {file = "pillow-10.3.0.tar.gz", hash = "sha256:9d2455fbf44c914840c793e89aa82d0e1763a14253a000743719ae5946814b2d"},
]

[package.extras]
docs = ["furo", "olefile", "sphinx (>=2.4)", "sphinx-copybutton", "sphinx-inline-tabs", "sphinx-removed-in", "sphinxext-opengraph"]
fpx = ["olefile"]
mic = ["olefile"]
tests = ["check-manifest", "coverage", "defusedxml", "markdown2", "olefile", "packaging", "pyroma", "pytest", "pytest-cov", "pytest-timeout"]
typing = ["typing-extensions"]
xmp = ["defusedxml"]

[[package]]
name = "platformdirs"
version = "4.3.6"
description = "A small Python package for determining appropriate platform-specific dirs, e.g. a `user data dir`."
optional = false
python-versions = ">=3.8"
files = [
    {file = "platformdirs-4.3.6-py3-none-any.whl", hash = "sha256:73e575e1408ab8103900836b97580d5307456908a03e92031bab39e4554cc3fb"},
    {file = "platformdirs-4.3.6.tar.gz", hash = "sha256:357fb2acbc885b0419afd3ce3ed34564c13c9b95c89360cd9563f73aa5e2b907"},
]

[package.extras]
docs = ["furo (>=2024.8.6)", "proselint (>=0.14)", "sphinx (>=8.0.2)", "sphinx-autodoc-typehints (>=2.4)"]
test = ["appdirs (==1.4.4)", "covdefaults (>=2.3)", "pytest (>=8.3.2)", "pytest-cov (>=5)", "pytest-mock (>=3.14)"]
type = ["mypy (>=1.11.2)"]

[[package]]
name = "pyparsing"
version = "2.4.7"
description = "Python parsing module"
optional = false
python-versions = ">=2.6, !=3.0.*, !=3.1.*, !=3.2.*"
files = [
    {file = "pyparsing-2.4.7-py2.py3-none-any.whl", hash = "sha256:ef9d7589ef3c200abe66653d3f1ab1033c3c419ae9b9bdb1240a85b024efc88b"},
    {file = "pyparsing-2.4.7.tar.gz", hash = "sha256:c203ec8783bf771a155b207279b9bccb8dea02d8f0c9e5f8ead507bc3246ecc1"},
]

[[package]]
name = "python-dateutil"
version = "2.8.1"
description = "Extensions to the standard Python datetime module"
optional = false
python-versions = "!=3.0.*,!=3.1.*,!=3.2.*,>=2.7"
files = [
    {file = "python-dateutil-2.8.1.tar.gz", hash = "sha256:73ebfe9dbf22e832286dafa60473e4cd239f8592f699aa5adaf10050e6e1823c"},
    {file = "python_dateutil-2.8.1-py2.py3-none-any.whl", hash = "sha256:75bb3f31ea686f1197762692a9ee6a7550b59fc6ca3a1f4b5d7e32fb98e2da2a"},
]

[package.dependencies]
six = ">=1.5"

[[package]]
name = "six"
version = "1.15.0"
description = "Python 2 and 3 compatibility utilities"
optional = false
python-versions = ">=2.7, !=3.0.*, !=3.1.*, !=3.2.*"
files = [
    {file = "six-1.15.0-py2.py3-none-any.whl", hash = "sha256:8b74bedcbbbaca38ff6d7491d76f2b06b3592611af620f8426e82dddb04a5ced"},
    {file = "six-1.15.0.tar.gz", hash = "sha256:30639c035cdb23534cd4aa2dd52c3bf48f06e5f4a941509c8bafd8ce11080259"},
]

[[package]]
name = "tomli"
version = "2.2.1"
description = "A lil' TOML parser"
optional = false
python-versions = ">=3.8"
files = [
    {file = "tomli-2.2.1-cp311-cp311-macosx_10_9_x86_64.whl", hash = "sha256:678e4fa69e4575eb77d103de3df8a895e1591b48e740211bd1067378c69e8249"},
    {file = "tomli-2.2.1-cp311-cp311-macosx_11_0_arm64.whl", hash = "sha256:023aa114dd824ade0100497eb2318602af309e5a55595f76b626d6d9f3b7b0a6"},
    {file = "tomli-2.2.1-cp311-cp311-manylinux_2_17_aarch64.manylinux2014_aarch64.whl", hash = "sha256:ece47d672db52ac607a3d9599a9d48dcb2f2f735c6c2d1f34130085bb12b112a"},
    {file = "tomli-2.2.1-cp311-cp311-manylinux_2_17_x86_64.manylinux2014_x86_64.whl", hash = "sha256:6972ca9c9cc9f0acaa56a8ca1ff51e7af152a9f87fb64623e31d5c83700080ee"},
    {file = "tomli-2.2.1-cp311-cp311-manylinux_2_5_i686.manylinux1_i686.manylinux_2_17_i686.manylinux2014_i686.whl", hash = "sha256:c954d2250168d28797dd4e3ac5cf812a406cd5a92674ee4c8f123c889786aa8e"},
    {file = "tomli-2.2.1-cp311-cp311-musllinux_1_2_aarch64.whl", hash = "sha256:8dd28b3e155b80f4d54beb40a441d366adcfe740969820caf156c019fb5c7ec4"},
    {file = "tomli-2.2.1-cp311-cp311-musllinux_1_2_i686.whl", hash = "sha256:e59e304978767a54663af13c07b3d1af22ddee3bb2fb0618ca1593e4f593a106"},
    {file = "tomli-2.2.1-cp311-cp311-musllinux_1_2_x86_64.whl", hash = "sha256:33580bccab0338d00994d7f16f4c4ec25b776af3ffaac1ed74e0b3fc95e885a8"},
    {file = "tomli-2.2.1-cp311-cp311-win32.whl", hash = "sha256:465af0e0875402f1d226519c9904f37254b3045fc5084697cefb9bdde1ff99ff"},
    {file = "tomli-2.2.1-cp311-cp311-win_amd64.whl", hash = "sha256:2d0f2fdd22b02c6d81637a3c95f8cd77f995846af7414c5c4b8d0545afa1bc4b"},
    {file = "tomli-2.2.1-cp312-cp312-macosx_10_13_x86_64.whl", hash = "sha256:4a8f6e44de52d5e6c657c9fe83b562f5f4256d8ebbfe4ff922c495620a7f6cea"},
    {file = "tomli-2.2.1-cp312-cp312-macosx_11_0_arm64.whl", hash = "sha256:8d57ca8095a641b8237d5b079147646153d22552f1c637fd3ba7f4b0b29167a8"},
    {file = "tomli-2.2.1-cp312-cp312-manylinux_2_17_aarch64.manylinux2014_aarch64.whl", hash = "sha256:4e340144ad7ae1533cb897d406382b4b6fede8890a03738ff1683af800d54192"},
    {file = "tomli-2.2.1-cp312-cp312-manylinux_2_17_x86_64.manylinux2014_x86_64.whl", hash = "sha256:db2b95f9de79181805df90bedc5a5ab4c165e6ec3fe99f970d0e302f384ad222"},
    {file = "tomli-2.2.1-cp312-cp312-manylinux_2_5_i686.manylinux1_i686.manylinux_2_17_i686.manylinux2014_i686.whl", hash = "sha256:40741994320b232529c802f8bc86da4e1aa9f413db394617b9a256ae0f9a7f77"},
    {file = "tomli-2.2.1-cp312-cp312-musllinux_1_2_aarch64.whl", hash = "sha256:400e720fe168c0f8521520190686ef8ef033fb19fc493da09779e592861b78c6"},
    {file = "tomli-2.2.1-cp312-cp312-musllinux_1_2_i686.whl", hash = "sha256:02abe224de6ae62c19f090f68da4e27b10af2b93213d36cf44e6e1c5abd19fdd"},
    {file = "tomli-2.2.1-cp312-cp312-musllinux_1_2_x86_64.whl", hash = "sha256:b82ebccc8c8a36f2094e969560a1b836758481f3dc360ce9a3277c65f374285e"},
    {file = "tomli-2.2.1-cp312-cp312-win32.whl", hash = "sha256:889f80ef92701b9dbb224e49ec87c645ce5df3fa2cc548664eb8a25e03127a98"},
    {file = "tomli-2.2.1-cp312-cp312-win_amd64.whl", hash = "sha256:7fc04e92e1d624a4a63c76474610238576942d6b8950a2d7f908a340494e67e4"},
    {file = "tomli-2.2.1-cp313-cp313-macosx_10_13_x86_64.whl", hash = "sha256:f4039b9cbc3048b2416cc57ab3bda989a6fcf9b36cf8937f01a6e731b64f80d7"},
    {file = "tomli-2.2.1-cp313-cp313-macosx_11_0_arm64.whl", hash = "sha256:286f0ca2ffeeb5b9bd4fcc8d6c330534323ec51b2f52da063b11c502da16f30c"},
    {file = "tomli-2.2.1-cp313-cp313-manylinux_2_17_aarch64.manylinux2014_aarch64.whl", hash = "sha256:a92ef1a44547e894e2a17d24e7557a5e85a9e1d0048b0b5e7541f76c5032cb13"},
    {file = "tomli-2.2.1-cp313-cp313-manylinux_2_17_x86_64.manylinux2014_x86_64.whl", hash = "sha256:9316dc65bed1684c9a98ee68759ceaed29d229e985297003e494aa825ebb0281"},
    {file = "tomli-2.2.1-cp313-cp313-manylinux_2_5_i686.manylinux1_i686.manylinux_2_17_i686.manylinux2014_i686.whl", hash = "sha256:e85e99945e688e32d5a35c1ff38ed0b3f41f43fad8df0bdf79f72b2ba7bc5272"},
    {file = "tomli-2.2.1-cp313-cp313-musllinux_1_2_aarch64.whl", hash = "sha256:ac065718db92ca818f8d6141b5f66369833d4a80a9d74435a268c52bdfa73140"},
    {file = "tomli-2.2.1-cp313-cp313-musllinux_1_2_i686.whl", hash = "sha256:d920f33822747519673ee656a4b6ac33e382eca9d331c87770faa3eef562aeb2"},
    {file = "tomli-2.2.1-cp313-cp313-musllinux_1_2_x86_64.whl", hash = "sha256:a198f10c4d1b1375d7687bc25294306e551bf1abfa4eace6650070a5c1ae2744"},
    {file = "tomli-2.2.1-cp313-cp313-win32.whl", hash = "sha256:d3f5614314d758649ab2ab3a62d4f2004c825922f9e370b29416484086b264ec"},
    {file = "tomli-2.2.1-cp313-cp313-win_amd64.whl", hash = "sha256:a38aa0308e754b0e3c67e344754dff64999ff9b513e691d0e786265c93583c69"},
    {file = "tomli-2.2.1-py3-none-any.whl", hash = "sha256:cb55c73c5f4408779d0cf3eef9f762b9c9f147a77de7b258bef0a5628adc85cc"},
    {file = "tomli-2.2.1.tar.gz", hash = "sha256:cd45e1dc79c835ce60f7404ec8119f2eb06d38b1deba146f07ced3bbc44505ff"},
]

[[package]]
name = "typing-extensions"
version = "4.12.2"
description = "Backported and Experimental Type Hints for Python 3.8+"
optional = false
python-versions = ">=3.8"
files = [
    {file = "typing_extensions-4.12.2-py3-none-any.whl", hash = "sha256:04e5ca0351e0f3f85c6853954072df659d0d13fac324d0072316b67d7794700d"},
    {file = "typing_extensions-4.12.2.tar.gz", hash = "sha256:1a7ead55c7e559dd4dee8856e3a88b41225abfe1ce8df57b7c13915fe121ffb8"},
]

[metadata]
lock-version = "2.0"
python-versions = "^3.8"
content-hash = "4a68854b3f28688e93d6cd8bfbb0455b24bd1ed0e3f75681f67b231dde07835d"
